
Microsoft Visual Studio Solution File, Format Version 11.00
# Visual Studio 2010
Project("{2150E333-8FDC-42A3-9474-1A3956D46DE8}") = "Documents", "Documents", "{A310CFF5-CE0B-4B9A-81A6-AA7E7419B110}"
	ProjectSection(SolutionItems) = preProject
		license.docx = license.docx
	EndProjectSection
EndProject
Project("{2150E333-8FDC-42A3-9474-1A3956D46DE8}") = "Source", "Source", "{1C78CC26-1E0B-437E-9CB6-B7A9C1EB8761}"
EndProject
Project("{FAE04EC0-301F-11D3-BF4B-00C04F79EFBC}") = "Library", "Library\Library.csproj", "{2606577A-D943-453D-898C-A0C8F62853D9}"
EndProject
Project("{FAE04EC0-301F-11D3-BF4B-00C04F79EFBC}") = "TestConsole", "TestConsole\TestConsole.csproj", "{74B39441-660D-4F77-B7B7-690D171B0252}"
EndProject
Project("{FAE04EC0-301F-11D3-BF4B-00C04F79EFBC}") = "UnitTests", "UnitTests\UnitTests.csproj", "{1ECF60FE-ECB8-4C42-8D29-7B954B66EEC6}"
EndProject
Project("{2150E333-8FDC-42A3-9474-1A3956D46DE8}") = "Solution Items", "Solution Items", "{B9FC9C4B-F677-4C9E-B849-7668071BE516}"
	ProjectSection(SolutionItems) = preProject
		Local.testsettings = Local.testsettings
		OpenSoundControl.vsmdi = OpenSoundControl.vsmdi
		TraceAndTestImpact.testsettings = TraceAndTestImpact.testsettings
	EndProjectSection
EndProject
Global
	GlobalSection(TestCaseManagementSettings) = postSolution
		CategoryFile = OpenSoundControl.vsmdi
	EndGlobalSection
	GlobalSection(SolutionConfigurationPlatforms) = preSolution
		Debug|Any CPU = Debug|Any CPU
		Debug|Mixed Platforms = Debug|Mixed Platforms
		Debug|x86 = Debug|x86
		Release|Any CPU = Release|Any CPU
		Release|Mixed Platforms = Release|Mixed Platforms
		Release|x86 = Release|x86
	EndGlobalSection
	GlobalSection(ProjectConfigurationPlatforms) = postSolution
		{2606577A-D943-453D-898C-A0C8F62853D9}.Debug|Any CPU.ActiveCfg = Debug|Any CPU
		{2606577A-D943-453D-898C-A0C8F62853D9}.Debug|Any CPU.Build.0 = Debug|Any CPU
		{2606577A-D943-453D-898C-A0C8F62853D9}.Debug|Mixed Platforms.ActiveCfg = Debug|Any CPU
		{2606577A-D943-453D-898C-A0C8F62853D9}.Debug|Mixed Platforms.Build.0 = Debug|Any CPU
		{2606577A-D943-453D-898C-A0C8F62853D9}.Debug|x86.ActiveCfg = Debug|Any CPU
		{2606577A-D943-453D-898C-A0C8F62853D9}.Release|Any CPU.ActiveCfg = Release|Any CPU
		{2606577A-D943-453D-898C-A0C8F62853D9}.Release|Any CPU.Build.0 = Release|Any CPU
		{2606577A-D943-453D-898C-A0C8F62853D9}.Release|Mixed Platforms.ActiveCfg = Release|Any CPU
		{2606577A-D943-453D-898C-A0C8F62853D9}.Release|Mixed Platforms.Build.0 = Release|Any CPU
		{2606577A-D943-453D-898C-A0C8F62853D9}.Release|x86.ActiveCfg = Release|Any CPU
		{74B39441-660D-4F77-B7B7-690D171B0252}.Debug|Any CPU.ActiveCfg = Debug|x86
		{74B39441-660D-4F77-B7B7-690D171B0252}.Debug|Mixed Platforms.ActiveCfg = Debug|x86
		{74B39441-660D-4F77-B7B7-690D171B0252}.Debug|Mixed Platforms.Build.0 = Debug|x86
		{74B39441-660D-4F77-B7B7-690D171B0252}.Debug|x86.ActiveCfg = Debug|x86
		{74B39441-660D-4F77-B7B7-690D171B0252}.Debug|x86.Build.0 = Debug|x86
		{74B39441-660D-4F77-B7B7-690D171B0252}.Release|Any CPU.ActiveCfg = Release|x86
		{74B39441-660D-4F77-B7B7-690D171B0252}.Release|Mixed Platforms.ActiveCfg = Release|x86
		{74B39441-660D-4F77-B7B7-690D171B0252}.Release|Mixed Platforms.Build.0 = Release|x86
		{74B39441-660D-4F77-B7B7-690D171B0252}.Release|x86.ActiveCfg = Release|x86
		{74B39441-660D-4F77-B7B7-690D171B0252}.Release|x86.Build.0 = Release|x86
		{1ECF60FE-ECB8-4C42-8D29-7B954B66EEC6}.Debug|Any CPU.ActiveCfg = Debug|Any CPU
		{1ECF60FE-ECB8-4C42-8D29-7B954B66EEC6}.Debug|Any CPU.Build.0 = Debug|Any CPU
		{1ECF60FE-ECB8-4C42-8D29-7B954B66EEC6}.Debug|Mixed Platforms.ActiveCfg = Debug|Any CPU
		{1ECF60FE-ECB8-4C42-8D29-7B954B66EEC6}.Debug|Mixed Platforms.Build.0 = Debug|Any CPU
		{1ECF60FE-ECB8-4C42-8D29-7B954B66EEC6}.Debug|x86.ActiveCfg = Debug|Any CPU
		{1ECF60FE-ECB8-4C42-8D29-7B954B66EEC6}.Release|Any CPU.ActiveCfg = Release|Any CPU
		{1ECF60FE-ECB8-4C42-8D29-7B954B66EEC6}.Release|Any CPU.Build.0 = Release|Any CPU
		{1ECF60FE-ECB8-4C42-8D29-7B954B66EEC6}.Release|Mixed Platforms.ActiveCfg = Release|Any CPU
		{1ECF60FE-ECB8-4C42-8D29-7B954B66EEC6}.Release|Mixed Platforms.Build.0 = Release|Any CPU
		{1ECF60FE-ECB8-4C42-8D29-7B954B66EEC6}.Release|x86.ActiveCfg = Release|Any CPU
	EndGlobalSection
	GlobalSection(SolutionProperties) = preSolution
		HideSolutionNode = FALSE
	EndGlobalSection
	GlobalSection(NestedProjects) = preSolution
		{2606577A-D943-453D-898C-A0C8F62853D9} = {1C78CC26-1E0B-437E-9CB6-B7A9C1EB8761}
		{74B39441-660D-4F77-B7B7-690D171B0252} = {1C78CC26-1E0B-437E-9CB6-B7A9C1EB8761}
		{1ECF60FE-ECB8-4C42-8D29-7B954B66EEC6} = {1C78CC26-1E0B-437E-9CB6-B7A9C1EB8761}
	EndGlobalSection
EndGlobal
